
Microsoft Visual Studio Solution File, Format Version 12.00
# Visual Studio Version 17
VisualStudioVersion = 17.3.32922.545
MinimumVisualStudioVersion = 10.0.40219.1
Project("{FAE04EC0-301F-11D3-BF4B-00C04F79EFBC}") = "TournamentAssistant", "TournamentAssistant\TournamentAssistant.csproj", "{C6510AF3-C89F-4695-8CA5-D405D2CE2AA8}"
EndProject
Project("{9A19103F-16F7-4668-BE54-9A1E7A4F7556}") = "TournamentAssistantServer", "TournamentAssistantServer\TournamentAssistantServer.csproj", "{4392B070-8191-4482-A4FC-93010174CCFC}"
EndProject
Project("{2150E333-8FDC-42A3-9474-1A3956D46DE8}") = "Solution Items", "Solution Items", "{5117C184-F059-4F21-9276-C6153FD17550}"
	ProjectSection(SolutionItems) = preProject
		LICENSE = LICENSE
		README.md = README.md
	EndProjectSection
EndProject
Project("{9A19103F-16F7-4668-BE54-9A1E7A4F7556}") = "TournamentAssistantShared", "TournamentAssistantShared\TournamentAssistantShared.csproj", "{E3E58092-318A-49D1-A77B-12FC1B9A2AA2}"
EndProject
Project("{9A19103F-16F7-4668-BE54-9A1E7A4F7556}") = "TAUpdater", "TAUpdater\TAUpdater.csproj", "{0399AE8E-9BC6-4EEE-89CB-F5F92250D713}"
EndProject
Project("{FAE04EC0-301F-11D3-BF4B-00C04F79EFBC}") = "MockClientConsole", "MockClientConsole\MockClientConsole.csproj", "{C5F746AB-616B-40B9-8533-DE15C3CE9F90}"
EndProject
Project("{FAE04EC0-301F-11D3-BF4B-00C04F79EFBC}") = "TournamentAssistantDiscordBot", "TournamentAssistantDiscordBot\TournamentAssistantDiscordBot.csproj", "{6187389B-8159-44F6-B0FE-8189F2B0A0E7}"
EndProject
Global
	GlobalSection(SolutionConfigurationPlatforms) = preSolution
		Debug|Any CPU = Debug|Any CPU
		Release|Any CPU = Release|Any CPU
	EndGlobalSection
	GlobalSection(ProjectConfigurationPlatforms) = postSolution
		{C6510AF3-C89F-4695-8CA5-D405D2CE2AA8}.Debug|Any CPU.ActiveCfg = Debug|Any CPU
		{C6510AF3-C89F-4695-8CA5-D405D2CE2AA8}.Debug|Any CPU.Build.0 = Debug|Any CPU
		{C6510AF3-C89F-4695-8CA5-D405D2CE2AA8}.Release|Any CPU.ActiveCfg = Release|Any CPU
		{C6510AF3-C89F-4695-8CA5-D405D2CE2AA8}.Release|Any CPU.Build.0 = Release|Any CPU
		{4392B070-8191-4482-A4FC-93010174CCFC}.Debug|Any CPU.ActiveCfg = Debug|Any CPU
		{4392B070-8191-4482-A4FC-93010174CCFC}.Debug|Any CPU.Build.0 = Debug|Any CPU
		{4392B070-8191-4482-A4FC-93010174CCFC}.Release|Any CPU.ActiveCfg = Release|Any CPU
		{4392B070-8191-4482-A4FC-93010174CCFC}.Release|Any CPU.Build.0 = Release|Any CPU
		{E3E58092-318A-49D1-A77B-12FC1B9A2AA2}.Debug|Any CPU.ActiveCfg = Debug|Any CPU
		{E3E58092-318A-49D1-A77B-12FC1B9A2AA2}.Debug|Any CPU.Build.0 = Debug|Any CPU
		{E3E58092-318A-49D1-A77B-12FC1B9A2AA2}.Release|Any CPU.ActiveCfg = Release|Any CPU
		{E3E58092-318A-49D1-A77B-12FC1B9A2AA2}.Release|Any CPU.Build.0 = Release|Any CPU
		{0399AE8E-9BC6-4EEE-89CB-F5F92250D713}.Debug|Any CPU.ActiveCfg = Debug|Any CPU
		{0399AE8E-9BC6-4EEE-89CB-F5F92250D713}.Debug|Any CPU.Build.0 = Debug|Any CPU
		{0399AE8E-9BC6-4EEE-89CB-F5F92250D713}.Release|Any CPU.ActiveCfg = Release|Any CPU
		{0399AE8E-9BC6-4EEE-89CB-F5F92250D713}.Release|Any CPU.Build.0 = Release|Any CPU
		{C5F746AB-616B-40B9-8533-DE15C3CE9F90}.Debug|Any CPU.ActiveCfg = Debug|Any CPU
		{C5F746AB-616B-40B9-8533-DE15C3CE9F90}.Debug|Any CPU.Build.0 = Debug|Any CPU
		{C5F746AB-616B-40B9-8533-DE15C3CE9F90}.Release|Any CPU.ActiveCfg = Release|Any CPU
		{C5F746AB-616B-40B9-8533-DE15C3CE9F90}.Release|Any CPU.Build.0 = Release|Any CPU
		{6187389B-8159-44F6-B0FE-8189F2B0A0E7}.Debug|Any CPU.ActiveCfg = Debug|Any CPU
		{6187389B-8159-44F6-B0FE-8189F2B0A0E7}.Debug|Any CPU.Build.0 = Debug|Any CPU
		{6187389B-8159-44F6-B0FE-8189F2B0A0E7}.Release|Any CPU.ActiveCfg = Release|Any CPU
		{6187389B-8159-44F6-B0FE-8189F2B0A0E7}.Release|Any CPU.Build.0 = Release|Any CPU
	EndGlobalSection
	GlobalSection(SolutionProperties) = preSolution
		HideSolutionNode = FALSE
	EndGlobalSection
	GlobalSection(ExtensibilityGlobals) = postSolution
		SolutionGuid = {309A61AF-15D1-4396-8730-246884EEA144}
	EndGlobalSection
EndGlobal
